
Microsoft Visual Studio Solution File, Format Version 12.00
# Visual Studio Version 17
VisualStudioVersion = 17.4.33103.184
MinimumVisualStudioVersion = 10.0.40219.1
Project("{9A19103F-16F7-4668-BE54-9A1E7A4F7556}") = "MergingFiles", "MergingFiles\MergingFiles.csproj", "{4C6AE992-BC2B-4E8A-8F82-C32D7D34F127}"
EndProject
Project("{9A19103F-16F7-4668-BE54-9A1E7A4F7556}") = "ImportFilesToSqlServer", "ImportFilesToSqlServer\ImportFilesToSqlServer.csproj", "{36D30E99-4813-4BCC-86C7-BCC299363F01}"
EndProject
Project("{9A19103F-16F7-4668-BE54-9A1E7A4F7556}") = "CreateFiles", "CreateFiles\CreateFiles.csproj", "{DCA61397-1E89-42EB-956A-A7665E545510}"
EndProject
Project("{2150E333-8FDC-42A3-9474-1A3956D46DE8}") = "SQL", "SQL", "{417EE74D-7799-49C2-9EE0-D53EC6945ECB}"
EndProject
Global
	GlobalSection(SolutionConfigurationPlatforms) = preSolution
		Debug|Any CPU = Debug|Any CPU
		Release|Any CPU = Release|Any CPU
	EndGlobalSection
	GlobalSection(ProjectConfigurationPlatforms) = postSolution
		{4C6AE992-BC2B-4E8A-8F82-C32D7D34F127}.Debug|Any CPU.ActiveCfg = Debug|Any CPU
		{4C6AE992-BC2B-4E8A-8F82-C32D7D34F127}.Debug|Any CPU.Build.0 = Debug|Any CPU
		{4C6AE992-BC2B-4E8A-8F82-C32D7D34F127}.Release|Any CPU.ActiveCfg = Release|Any CPU
		{4C6AE992-BC2B-4E8A-8F82-C32D7D34F127}.Release|Any CPU.Build.0 = Release|Any CPU
		{36D30E99-4813-4BCC-86C7-BCC299363F01}.Debug|Any CPU.ActiveCfg = Debug|Any CPU
		{36D30E99-4813-4BCC-86C7-BCC299363F01}.Debug|Any CPU.Build.0 = Debug|Any CPU
		{36D30E99-4813-4BCC-86C7-BCC299363F01}.Release|Any CPU.ActiveCfg = Release|Any CPU
		{36D30E99-4813-4BCC-86C7-BCC299363F01}.Release|Any CPU.Build.0 = Release|Any CPU
		{DCA61397-1E89-42EB-956A-A7665E545510}.Debug|Any CPU.ActiveCfg = Debug|Any CPU
		{DCA61397-1E89-42EB-956A-A7665E545510}.Debug|Any CPU.Build.0 = Debug|Any CPU
		{DCA61397-1E89-42EB-956A-A7665E545510}.Release|Any CPU.ActiveCfg = Release|Any CPU
		{DCA61397-1E89-42EB-956A-A7665E545510}.Release|Any CPU.Build.0 = Release|Any CPU
	EndGlobalSection
	GlobalSection(SolutionProperties) = preSolution
		HideSolutionNode = FALSE
	EndGlobalSection
	GlobalSection(ExtensibilityGlobals) = postSolution
		SolutionGuid = {86F22007-3547-4D49-AF5F-84ACECF37257}
	EndGlobalSection
EndGlobal
