
Microsoft Visual Studio Solution File, Format Version 12.00
# Visual Studio Version 17
VisualStudioVersion = 17.4.33103.184
MinimumVisualStudioVersion = 10.0.40219.1
Project("{9A19103F-16F7-4668-BE54-9A1E7A4F7556}") = "CreateFiles", "Task1\CreateFiles.csproj", "{F5DCDF3D-ED9D-4FF2-B46F-5E499EC93215}"
EndProject
Project("{9A19103F-16F7-4668-BE54-9A1E7A4F7556}") = "MergingFiles", "MergingFiles\MergingFiles.csproj", "{4C6AE992-BC2B-4E8A-8F82-C32D7D34F127}"
EndProject
Project("{FAE04EC0-301F-11D3-BF4B-00C04F79EFBC}") = "ImportFilesToSqlServer", "ImportFilesToSqlServer\ImportFilesToSqlServer.csproj", "{36D30E99-4813-4BCC-86C7-BCC299363F01}"
EndProject
Global
	GlobalSection(SolutionConfigurationPlatforms) = preSolution
		Debug|Any CPU = Debug|Any CPU
		Release|Any CPU = Release|Any CPU
	EndGlobalSection
	GlobalSection(ProjectConfigurationPlatforms) = postSolution
		{F5DCDF3D-ED9D-4FF2-B46F-5E499EC93215}.Debug|Any CPU.ActiveCfg = Debug|Any CPU
		{F5DCDF3D-ED9D-4FF2-B46F-5E499EC93215}.Debug|Any CPU.Build.0 = Debug|Any CPU
		{F5DCDF3D-ED9D-4FF2-B46F-5E499EC93215}.Release|Any CPU.ActiveCfg = Release|Any CPU
		{F5DCDF3D-ED9D-4FF2-B46F-5E499EC93215}.Release|Any CPU.Build.0 = Release|Any CPU
		{4C6AE992-BC2B-4E8A-8F82-C32D7D34F127}.Debug|Any CPU.ActiveCfg = Debug|Any CPU
		{4C6AE992-BC2B-4E8A-8F82-C32D7D34F127}.Debug|Any CPU.Build.0 = Debug|Any CPU
		{4C6AE992-BC2B-4E8A-8F82-C32D7D34F127}.Release|Any CPU.ActiveCfg = Release|Any CPU
		{4C6AE992-BC2B-4E8A-8F82-C32D7D34F127}.Release|Any CPU.Build.0 = Release|Any CPU
		{36D30E99-4813-4BCC-86C7-BCC299363F01}.Debug|Any CPU.ActiveCfg = Debug|Any CPU
		{36D30E99-4813-4BCC-86C7-BCC299363F01}.Debug|Any CPU.Build.0 = Debug|Any CPU
		{36D30E99-4813-4BCC-86C7-BCC299363F01}.Release|Any CPU.ActiveCfg = Release|Any CPU
		{36D30E99-4813-4BCC-86C7-BCC299363F01}.Release|Any CPU.Build.0 = Release|Any CPU
	EndGlobalSection
	GlobalSection(SolutionProperties) = preSolution
		HideSolutionNode = FALSE
	EndGlobalSection
	GlobalSection(ExtensibilityGlobals) = postSolution
		SolutionGuid = {86F22007-3547-4D49-AF5F-84ACECF37257}
	EndGlobalSection
EndGlobal
